
Microsoft Visual Studio Solution File, Format Version 12.00
# Visual Studio Version 16
VisualStudioVersion = 16.0.30413.136
MinimumVisualStudioVersion = 10.0.40219.1
Project("{FAE04EC0-301F-11D3-BF4B-00C04F79EFBC}") = "GloriousMinesweeper", "GloriousMinesweeper.csproj", "{B0216295-3263-4ACD-AC53-FD84DF27C1C1}"
EndProject
Global
	GlobalSection(SolutionConfigurationPlatforms) = preSolution
		Debug|Any CPU = Debug|Any CPU
		Release|Any CPU = Release|Any CPU
	EndGlobalSection
	GlobalSection(ProjectConfigurationPlatforms) = postSolution
		{B0216295-3263-4ACD-AC53-FD84DF27C1C1}.Debug|Any CPU.ActiveCfg = Debug|Any CPU
		{B0216295-3263-4ACD-AC53-FD84DF27C1C1}.Debug|Any CPU.Build.0 = Debug|Any CPU
		{B0216295-3263-4ACD-AC53-FD84DF27C1C1}.Release|Any CPU.ActiveCfg = Release|Any CPU
		{B0216295-3263-4ACD-AC53-FD84DF27C1C1}.Release|Any CPU.Build.0 = Release|Any CPU
	EndGlobalSection
	GlobalSection(SolutionProperties) = preSolution
		HideSolutionNode = FALSE
	EndGlobalSection
	GlobalSection(ExtensibilityGlobals) = postSolution
		SolutionGuid = {0A911250-0B86-44D2-B9DF-FAF8B2601763}
	EndGlobalSection
EndGlobal
